
Microsoft Visual Studio Solution File, Format Version 12.00
# Visual Studio Version 17
VisualStudioVersion = 17.8.34525.116
MinimumVisualStudioVersion = 10.0.40219.1
Project("{FAE04EC0-301F-11D3-BF4B-00C04F79EFBC}") = "BankingAssignment", "BankingAssignment.csproj", "{3DEC0308-622F-4620-BCE6-0600F5BC9327}"
EndProject
Global
	GlobalSection(SolutionConfigurationPlatforms) = preSolution
		Debug|Any CPU = Debug|Any CPU
		Release|Any CPU = Release|Any CPU
	EndGlobalSection
	GlobalSection(ProjectConfigurationPlatforms) = postSolution
		{3DEC0308-622F-4620-BCE6-0600F5BC9327}.Debug|Any CPU.ActiveCfg = Debug|Any CPU
		{3DEC0308-622F-4620-BCE6-0600F5BC9327}.Debug|Any CPU.Build.0 = Debug|Any CPU
		{3DEC0308-622F-4620-BCE6-0600F5BC9327}.Debug|Any CPU.Deploy.0 = Debug|Any CPU
		{3DEC0308-622F-4620-BCE6-0600F5BC9327}.Release|Any CPU.ActiveCfg = Release|Any CPU
		{3DEC0308-622F-4620-BCE6-0600F5BC9327}.Release|Any CPU.Build.0 = Release|Any CPU
		{3DEC0308-622F-4620-BCE6-0600F5BC9327}.Release|Any CPU.Deploy.0 = Release|Any CPU
	EndGlobalSection
	GlobalSection(SolutionProperties) = preSolution
		HideSolutionNode = FALSE
	EndGlobalSection
	GlobalSection(ExtensibilityGlobals) = postSolution
		SolutionGuid = {6D6729D4-1E4F-4F8F-86BC-9466FA6E685A}
	EndGlobalSection
EndGlobal
